
Microsoft Visual Studio Solution File, Format Version 12.00
# Visual Studio 2012
Project("{FAE04EC0-301F-11D3-BF4B-00C04F79EFBC}") = "TestProject", "TestProject\TestProject.csproj", "{AAD7A658-D2FE-4C20-B9EF-44FB8A636988}"
EndProject
Global
	GlobalSection(SolutionConfigurationPlatforms) = preSolution
		Debug|Any CPU = Debug|Any CPU
		Release|Any CPU = Release|Any CPU
	EndGlobalSection
	GlobalSection(ProjectConfigurationPlatforms) = postSolution
		{AAD7A658-D2FE-4C20-B9EF-44FB8A636988}.Debug|Any CPU.ActiveCfg = Debug|Any CPU
		{AAD7A658-D2FE-4C20-B9EF-44FB8A636988}.Debug|Any CPU.Build.0 = Debug|Any CPU
		{AAD7A658-D2FE-4C20-B9EF-44FB8A636988}.Release|Any CPU.ActiveCfg = Release|Any CPU
		{AAD7A658-D2FE-4C20-B9EF-44FB8A636988}.Release|Any CPU.Build.0 = Release|Any CPU
	EndGlobalSection
	GlobalSection(SolutionProperties) = preSolution
		HideSolutionNode = FALSE
	EndGlobalSection
EndGlobal
